// !$*UTF8*$!
{
	archiveVersion = 1;
	classes = {
	};
	objectVersion = 46;
	objects = {

/* Begin PBXBuildFile section */
		CC26A1891DDA4F6D0050A9FB /* main.m in Sources */ = {isa = PBXBuildFile; fileRef = CC26A1881DDA4F6D0050A9FB /* main.m */; };
		CC26A18C1DDA4F6D0050A9FB /* AppDelegate.m in Sources */ = {isa = PBXBuildFile; fileRef = CC26A18B1DDA4F6D0050A9FB /* AppDelegate.m */; };
		CC26A18F1DDA4F6D0050A9FB /* GameViewController.mm in Sources */ = {isa = PBXBuildFile; fileRef = CC26A18E1DDA4F6D0050A9FB /* GameViewController.mm */; };
		CC26A1911DDA4F6D0050A9FB /* Shaders.metal in Sources */ = {isa = PBXBuildFile; fileRef = CC26A1901DDA4F6D0050A9FB /* Shaders.metal */; };
		CC26A1951DDA4F6D0050A9FB /* Main.storyboard in Resources */ = {isa = PBXBuildFile; fileRef = CC26A1931DDA4F6D0050A9FB /* Main.storyboard */; };
		CC26A1971DDA4F6D0050A9FB /* Assets.xcassets in Resources */ = {isa = PBXBuildFile; fileRef = CC26A1961DDA4F6D0050A9FB /* Assets.xcassets */; };
		CC26A19A1DDA4F6D0050A9FB /* LaunchScreen.storyboard in Resources */ = {isa = PBXBuildFile; fileRef = CC26A1981DDA4F6D0050A9FB /* LaunchScreen.storyboard */; };
		CC26A1CA1DDA51AF0050A9FB /* MoltenVK.framework in Frameworks */ = {isa = PBXBuildFile; fileRef = CC26A1C51DDA51810050A9FB /* MoltenVK.framework */; };
		CC26A1CC1DDA51B70050A9FB /* libc++.tbd in Frameworks */ = {isa = PBXBuildFile; fileRef = CC26A1CB1DDA51B70050A9FB /* libc++.tbd */; };
		CC26A1D01DDA521A0050A9FB /* scene.cpp in Sources */ = {isa = PBXBuildFile; fileRef = CC26A1CE1DDA521A0050A9FB /* scene.cpp */; };
		CC26A1D11DDA5BAD0050A9FB /* Metal.framework in Frameworks */ = {isa = PBXBuildFile; fileRef = CC26A1801DDA4F6D0050A9FB /* Metal.framework */; };
		CC26A1D21DDA5C290050A9FB /* MetalKit.framework in Frameworks */ = {isa = PBXBuildFile; fileRef = CC26A1821DDA4F6D0050A9FB /* MetalKit.framework */; };
/* End PBXBuildFile section */

/* Begin PBXFileReference section */
		CC26A17D1DDA4F6D0050A9FB /* vkSandbox.app */ = {isa = PBXFileReference; explicitFileType = wrapper.application; includeInIndex = 0; path = vkSandbox.app; sourceTree = BUILT_PRODUCTS_DIR; };
		CC26A1801DDA4F6D0050A9FB /* Metal.framework */ = {isa = PBXFileReference; lastKnownFileType = wrapper.framework; name = Metal.framework; path = System/Library/Frameworks/Metal.framework; sourceTree = SDKROOT; };
		CC26A1821DDA4F6D0050A9FB /* MetalKit.framework */ = {isa = PBXFileReference; lastKnownFileType = wrapper.framework; name = MetalKit.framework; path = System/Library/Frameworks/MetalKit.framework; sourceTree = SDKROOT; };
		CC26A1841DDA4F6D0050A9FB /* ModelIO.framework */ = {isa = PBXFileReference; lastKnownFileType = wrapper.framework; name = ModelIO.framework; path = System/Library/Frameworks/ModelIO.framework; sourceTree = SDKROOT; };
		CC26A1881DDA4F6D0050A9FB /* main.m */ = {isa = PBXFileReference; lastKnownFileType = sourcecode.c.objc; path = main.m; sourceTree = "<group>"; };
		CC26A18A1DDA4F6D0050A9FB /* AppDelegate.h */ = {isa = PBXFileReference; lastKnownFileType = sourcecode.c.h; path = AppDelegate.h; sourceTree = "<group>"; };
		CC26A18B1DDA4F6D0050A9FB /* AppDelegate.m */ = {isa = PBXFileReference; lastKnownFileType = sourcecode.c.objc; path = AppDelegate.m; sourceTree = "<group>"; };
		CC26A18D1DDA4F6D0050A9FB /* GameViewController.h */ = {isa = PBXFileReference; lastKnownFileType = sourcecode.c.h; path = GameViewController.h; sourceTree = "<group>"; };
		CC26A18E1DDA4F6D0050A9FB /* GameViewController.mm */ = {isa = PBXFileReference; lastKnownFileType = sourcecode.cpp.objcpp; path = GameViewController.mm; sourceTree = "<group>"; };
		CC26A1901DDA4F6D0050A9FB /* Shaders.metal */ = {isa = PBXFileReference; lastKnownFileType = sourcecode.metal; path = Shaders.metal; sourceTree = "<group>"; };
		CC26A1921DDA4F6D0050A9FB /* SharedStructures.h */ = {isa = PBXFileReference; lastKnownFileType = sourcecode.c.h; path = SharedStructures.h; sourceTree = "<group>"; };
		CC26A1941DDA4F6D0050A9FB /* Base */ = {isa = PBXFileReference; lastKnownFileType = file.storyboard; name = Base; path = Base.lproj/Main.storyboard; sourceTree = "<group>"; };
		CC26A1961DDA4F6D0050A9FB /* Assets.xcassets */ = {isa = PBXFileReference; lastKnownFileType = folder.assetcatalog; path = Assets.xcassets; sourceTree = "<group>"; };
		CC26A1991DDA4F6D0050A9FB /* Base */ = {isa = PBXFileReference; lastKnownFileType = file.storyboard; name = Base; path = Base.lproj/LaunchScreen.storyboard; sourceTree = "<group>"; };
		CC26A19B1DDA4F6D0050A9FB /* Info.plist */ = {isa = PBXFileReference; lastKnownFileType = text.plist.xml; path = Info.plist; sourceTree = "<group>"; };
		CC26A1C21DDA51810050A9FB /* vk_platform.h */ = {isa = PBXFileReference; fileEncoding = 4; lastKnownFileType = sourcecode.c.h; path = vk_platform.h; sourceTree = "<group>"; };
		CC26A1C31DDA51810050A9FB /* vulkan.h */ = {isa = PBXFileReference; fileEncoding = 4; lastKnownFileType = sourcecode.c.h; path = vulkan.h; sourceTree = "<group>"; };
		CC26A1C51DDA51810050A9FB /* MoltenVK.framework */ = {isa = PBXFileReference; lastKnownFileType = wrapper.framework; path = MoltenVK.framework; sourceTree = "<group>"; };
		CC26A1C71DDA51810050A9FB /* MoltenVK.framework */ = {isa = PBXFileReference; lastKnownFileType = wrapper.framework; path = MoltenVK.framework; sourceTree = "<group>"; };
		CC26A1CB1DDA51B70050A9FB /* libc++.tbd */ = {isa = PBXFileReference; lastKnownFileType = "sourcecode.text-based-dylib-definition"; name = "libc++.tbd"; path = "usr/lib/libc++.tbd"; sourceTree = SDKROOT; };
		CC26A1CE1DDA521A0050A9FB /* scene.cpp */ = {isa = PBXFileReference; fileEncoding = 4; lastKnownFileType = sourcecode.cpp.cpp; path = scene.cpp; sourceTree = "<group>"; };
		CC26A1CF1DDA521A0050A9FB /* scene.hpp */ = {isa = PBXFileReference; fileEncoding = 4; lastKnownFileType = sourcecode.cpp.h; path = scene.hpp; sourceTree = "<group>"; };
/* End PBXFileReference section */

/* Begin PBXFrameworksBuildPhase section */
		CC26A17A1DDA4F6D0050A9FB /* Frameworks */ = {
			isa = PBXFrameworksBuildPhase;
			buildActionMask = 2147483647;
			files = (
				CC26A1D21DDA5C290050A9FB /* MetalKit.framework in Frameworks */,
				CC26A1D11DDA5BAD0050A9FB /* Metal.framework in Frameworks */,
				CC26A1CA1DDA51AF0050A9FB /* MoltenVK.framework in Frameworks */,
				CC26A1CC1DDA51B70050A9FB /* libc++.tbd in Frameworks */,
			);
			runOnlyForDeploymentPostprocessing = 0;
		};
/* End PBXFrameworksBuildPhase section */

/* Begin PBXGroup section */
		CC26A1741DDA4F6D0050A9FB = {
			isa = PBXGroup;
			children = (
				CC26A1CD1DDA51EB0050A9FB /* src */,
				CC26A1BF1DDA51810050A9FB /* external */,
				CC26A1861DDA4F6D0050A9FB /* vkSandbox */,
				CC26A17F1DDA4F6D0050A9FB /* Frameworks */,
				CC26A17E1DDA4F6D0050A9FB /* Products */,
			);
			sourceTree = "<group>";
		};
		CC26A17E1DDA4F6D0050A9FB /* Products */ = {
			isa = PBXGroup;
			children = (
				CC26A17D1DDA4F6D0050A9FB /* vkSandbox.app */,
			);
			name = Products;
			sourceTree = "<group>";
		};
		CC26A17F1DDA4F6D0050A9FB /* Frameworks */ = {
			isa = PBXGroup;
			children = (
				CC26A1CB1DDA51B70050A9FB /* libc++.tbd */,
				CC26A1801DDA4F6D0050A9FB /* Metal.framework */,
				CC26A1821DDA4F6D0050A9FB /* MetalKit.framework */,
				CC26A1841DDA4F6D0050A9FB /* ModelIO.framework */,
			);
			name = Frameworks;
			sourceTree = "<group>";
		};
		CC26A1861DDA4F6D0050A9FB /* vkSandbox */ = {
			isa = PBXGroup;
			children = (
				CC26A18A1DDA4F6D0050A9FB /* AppDelegate.h */,
				CC26A18B1DDA4F6D0050A9FB /* AppDelegate.m */,
				CC26A18D1DDA4F6D0050A9FB /* GameViewController.h */,
				CC26A18E1DDA4F6D0050A9FB /* GameViewController.mm */,
				CC26A1901DDA4F6D0050A9FB /* Shaders.metal */,
				CC26A1921DDA4F6D0050A9FB /* SharedStructures.h */,
				CC26A1931DDA4F6D0050A9FB /* Main.storyboard */,
				CC26A1961DDA4F6D0050A9FB /* Assets.xcassets */,
				CC26A1981DDA4F6D0050A9FB /* LaunchScreen.storyboard */,
				CC26A19B1DDA4F6D0050A9FB /* Info.plist */,
				CC26A1871DDA4F6D0050A9FB /* Supporting Files */,
			);
			path = vkSandbox;
			sourceTree = "<group>";
		};
		CC26A1871DDA4F6D0050A9FB /* Supporting Files */ = {
			isa = PBXGroup;
			children = (
				CC26A1881DDA4F6D0050A9FB /* main.m */,
			);
			name = "Supporting Files";
			sourceTree = "<group>";
		};
		CC26A1BF1DDA51810050A9FB /* external */ = {
			isa = PBXGroup;
			children = (
				CC26A1C01DDA51810050A9FB /* include */,
				CC26A1C41DDA51810050A9FB /* iOS */,
				CC26A1C61DDA51810050A9FB /* macOS */,
			);
			path = external;
			sourceTree = "<group>";
		};
		CC26A1C01DDA51810050A9FB /* include */ = {
			isa = PBXGroup;
			children = (
				CC26A1C11DDA51810050A9FB /* vulkan */,
			);
			path = include;
			sourceTree = "<group>";
		};
		CC26A1C11DDA51810050A9FB /* vulkan */ = {
			isa = PBXGroup;
			children = (
				CC26A1C21DDA51810050A9FB /* vk_platform.h */,
				CC26A1C31DDA51810050A9FB /* vulkan.h */,
			);
			path = vulkan;
			sourceTree = "<group>";
		};
		CC26A1C41DDA51810050A9FB /* iOS */ = {
			isa = PBXGroup;
			children = (
				CC26A1C51DDA51810050A9FB /* MoltenVK.framework */,
			);
			path = iOS;
			sourceTree = "<group>";
		};
		CC26A1C61DDA51810050A9FB /* macOS */ = {
			isa = PBXGroup;
			children = (
				CC26A1C71DDA51810050A9FB /* MoltenVK.framework */,
			);
			path = macOS;
			sourceTree = "<group>";
		};
		CC26A1CD1DDA51EB0050A9FB /* src */ = {
			isa = PBXGroup;
			children = (
				CC26A1CE1DDA521A0050A9FB /* scene.cpp */,
				CC26A1CF1DDA521A0050A9FB /* scene.hpp */,
			);
			path = src;
			sourceTree = "<group>";
		};
/* End PBXGroup section */

/* Begin PBXNativeTarget section */
		CC26A17C1DDA4F6D0050A9FB /* vkSandbox */ = {
			isa = PBXNativeTarget;
			buildConfigurationList = CC26A1B41DDA4F6D0050A9FB /* Build configuration list for PBXNativeTarget "vkSandbox" */;
			buildPhases = (
				CC26A1791DDA4F6D0050A9FB /* Sources */,
				CC26A17A1DDA4F6D0050A9FB /* Frameworks */,
				CC26A17B1DDA4F6D0050A9FB /* Resources */,
			);
			buildRules = (
			);
			dependencies = (
			);
			name = vkSandbox;
			productName = vkSandbox;
			productReference = CC26A17D1DDA4F6D0050A9FB /* vkSandbox.app */;
			productType = "com.apple.product-type.application";
		};
/* End PBXNativeTarget section */

/* Begin PBXProject section */
		CC26A1751DDA4F6D0050A9FB /* Project object */ = {
			isa = PBXProject;
			attributes = {
				LastUpgradeCheck = 0810;
				ORGANIZATIONNAME = "Yevgeniy Logachev";
				TargetAttributes = {
					CC26A17C1DDA4F6D0050A9FB = {
						CreatedOnToolsVersion = 8.1;
						DevelopmentTeam = FK6P3M845J;
						ProvisioningStyle = Automatic;
					};
				};
			};
			buildConfigurationList = CC26A1781DDA4F6D0050A9FB /* Build configuration list for PBXProject "vkSandbox" */;
			compatibilityVersion = "Xcode 3.2";
			developmentRegion = English;
			hasScannedForEncodings = 0;
			knownRegions = (
				en,
				Base,
			);
			mainGroup = CC26A1741DDA4F6D0050A9FB;
			productRefGroup = CC26A17E1DDA4F6D0050A9FB /* Products */;
			projectDirPath = "";
			projectRoot = "";
			targets = (
				CC26A17C1DDA4F6D0050A9FB /* vkSandbox */,
			);
		};
/* End PBXProject section */

/* Begin PBXResourcesBuildPhase section */
		CC26A17B1DDA4F6D0050A9FB /* Resources */ = {
			isa = PBXResourcesBuildPhase;
			buildActionMask = 2147483647;
			files = (
				CC26A19A1DDA4F6D0050A9FB /* LaunchScreen.storyboard in Resources */,
				CC26A1971DDA4F6D0050A9FB /* Assets.xcassets in Resources */,
				CC26A1951DDA4F6D0050A9FB /* Main.storyboard in Resources */,
			);
			runOnlyForDeploymentPostprocessing = 0;
		};
/* End PBXResourcesBuildPhase section */

/* Begin PBXSourcesBuildPhase section */
		CC26A1791DDA4F6D0050A9FB /* Sources */ = {
			isa = PBXSourcesBuildPhase;
			buildActionMask = 2147483647;
			files = (
				CC26A1D01DDA521A0050A9FB /* scene.cpp in Sources */,
				CC26A1911DDA4F6D0050A9FB /* Shaders.metal in Sources */,
				CC26A18C1DDA4F6D0050A9FB /* AppDelegate.m in Sources */,
				CC26A18F1DDA4F6D0050A9FB /* GameViewController.mm in Sources */,
				CC26A1891DDA4F6D0050A9FB /* main.m in Sources */,
			);
			runOnlyForDeploymentPostprocessing = 0;
		};
/* End PBXSourcesBuildPhase section */

/* Begin PBXVariantGroup section */
		CC26A1931DDA4F6D0050A9FB /* Main.storyboard */ = {
			isa = PBXVariantGroup;
			children = (
				CC26A1941DDA4F6D0050A9FB /* Base */,
			);
			name = Main.storyboard;
			sourceTree = "<group>";
		};
		CC26A1981DDA4F6D0050A9FB /* LaunchScreen.storyboard */ = {
			isa = PBXVariantGroup;
			children = (
				CC26A1991DDA4F6D0050A9FB /* Base */,
			);
			name = LaunchScreen.storyboard;
			sourceTree = "<group>";
		};
/* End PBXVariantGroup section */

/* Begin XCBuildConfiguration section */
		CC26A1B21DDA4F6D0050A9FB /* Debug */ = {
			isa = XCBuildConfiguration;
			buildSettings = {
				ALWAYS_SEARCH_USER_PATHS = NO;
				CLANG_ANALYZER_NONNULL = YES;
				CLANG_CXX_LANGUAGE_STANDARD = "gnu++0x";
				CLANG_CXX_LIBRARY = "libc++";
				CLANG_ENABLE_MODULES = YES;
				CLANG_ENABLE_OBJC_ARC = YES;
				CLANG_WARN_BOOL_CONVERSION = YES;
				CLANG_WARN_CONSTANT_CONVERSION = YES;
				CLANG_WARN_DIRECT_OBJC_ISA_USAGE = YES_ERROR;
				CLANG_WARN_DOCUMENTATION_COMMENTS = YES;
				CLANG_WARN_EMPTY_BODY = YES;
				CLANG_WARN_ENUM_CONVERSION = YES;
				CLANG_WARN_INFINITE_RECURSION = YES;
				CLANG_WARN_INT_CONVERSION = YES;
				CLANG_WARN_OBJC_ROOT_CLASS = YES_ERROR;
				CLANG_WARN_SUSPICIOUS_MOVES = YES;
				CLANG_WARN_UNREACHABLE_CODE = YES;
				CLANG_WARN__DUPLICATE_METHOD_MATCH = YES;
				"CODE_SIGN_IDENTITY[sdk=iphoneos*]" = "iPhone Developer";
				COPY_PHASE_STRIP = NO;
				DEBUG_INFORMATION_FORMAT = dwarf;
				ENABLE_STRICT_OBJC_MSGSEND = YES;
				ENABLE_TESTABILITY = YES;
				GCC_C_LANGUAGE_STANDARD = gnu99;
				GCC_DYNAMIC_NO_PIC = NO;
				GCC_NO_COMMON_BLOCKS = YES;
				GCC_OPTIMIZATION_LEVEL = 0;
				GCC_PREPROCESSOR_DEFINITIONS = (
					"DEBUG=1",
					"$(inherited)",
				);
				GCC_WARN_64_TO_32_BIT_CONVERSION = YES;
				GCC_WARN_ABOUT_RETURN_TYPE = YES_ERROR;
				GCC_WARN_UNDECLARED_SELECTOR = YES;
				GCC_WARN_UNINITIALIZED_AUTOS = YES_AGGRESSIVE;
				GCC_WARN_UNUSED_FUNCTION = YES;
				GCC_WARN_UNUSED_VARIABLE = YES;
				IPHONEOS_DEPLOYMENT_TARGET = 10.1;
				MTL_ENABLE_DEBUG_INFO = YES;
				ONLY_ACTIVE_ARCH = YES;
				SDKROOT = iphoneos;
				TARGETED_DEVICE_FAMILY = "1,2";
			};
			name = Debug;
		};
		CC26A1B31DDA4F6D0050A9FB /* Release */ = {
			isa = XCBuildConfiguration;
			buildSettings = {
				ALWAYS_SEARCH_USER_PATHS = NO;
				CLANG_ANALYZER_NONNULL = YES;
				CLANG_CXX_LANGUAGE_STANDARD = "gnu++0x";
				CLANG_CXX_LIBRARY = "libc++";
				CLANG_ENABLE_MODULES = YES;
				CLANG_ENABLE_OBJC_ARC = YES;
				CLANG_WARN_BOOL_CONVERSION = YES;
				CLANG_WARN_CONSTANT_CONVERSION = YES;
				CLANG_WARN_DIRECT_OBJC_ISA_USAGE = YES_ERROR;
				CLANG_WARN_DOCUMENTATION_COMMENTS = YES;
				CLANG_WARN_EMPTY_BODY = YES;
				CLANG_WARN_ENUM_CONVERSION = YES;
				CLANG_WARN_INFINITE_RECURSION = YES;
				CLANG_WARN_INT_CONVERSION = YES;
				CLANG_WARN_OBJC_ROOT_CLASS = YES_ERROR;
				CLANG_WARN_SUSPICIOUS_MOVES = YES;
				CLANG_WARN_UNREACHABLE_CODE = YES;
				CLANG_WARN__DUPLICATE_METHOD_MATCH = YES;
				"CODE_SIGN_IDENTITY[sdk=iphoneos*]" = "iPhone Developer";
				COPY_PHASE_STRIP = NO;
				DEBUG_INFORMATION_FORMAT = "dwarf-with-dsym";
				ENABLE_NS_ASSERTIONS = NO;
				ENABLE_STRICT_OBJC_MSGSEND = YES;
				GCC_C_LANGUAGE_STANDARD = gnu99;
				GCC_NO_COMMON_BLOCKS = YES;
				GCC_WARN_64_TO_32_BIT_CONVERSION = YES;
				GCC_WARN_ABOUT_RETURN_TYPE = YES_ERROR;
				GCC_WARN_UNDECLARED_SELECTOR = YES;
				GCC_WARN_UNINITIALIZED_AUTOS = YES_AGGRESSIVE;
				GCC_WARN_UNUSED_FUNCTION = YES;
				GCC_WARN_UNUSED_VARIABLE = YES;
				IPHONEOS_DEPLOYMENT_TARGET = 10.1;
				MTL_ENABLE_DEBUG_INFO = NO;
				SDKROOT = iphoneos;
				TARGETED_DEVICE_FAMILY = "1,2";
				VALIDATE_PRODUCT = YES;
			};
			name = Release;
		};
		CC26A1B51DDA4F6D0050A9FB /* Debug */ = {
			isa = XCBuildConfiguration;
			buildSettings = {
				ASSETCATALOG_COMPILER_APPICON_NAME = AppIcon;
				DEVELOPMENT_TEAM = FK6P3M845J;
				FRAMEWORK_SEARCH_PATHS = (
					"$(inherited)",
					"$(PROJECT_DIR)/external/iOS",
					"$(PROJECT_DIR)/external/macOS",
				);
				GCC_PREPROCESSOR_DEFINITIONS = (
					"DEBUG=1",
					"VK_USE_PLATFORM_IOS_MVK=1",
					"$(inherited)",
				);
				HEADER_SEARCH_PATHS = "$(PROJECT_DIR)/external/include";
				INFOPLIST_FILE = vkSandbox/Info.plist;
				IPHONEOS_DEPLOYMENT_TARGET = 9.0;
				LD_RUNPATH_SEARCH_PATHS = "$(inherited) @executable_path/Frameworks";
				PRODUCT_BUNDLE_IDENTIFIER = com.dreamdev.vkSandbox;
				PRODUCT_NAME = "$(TARGET_NAME)";
				VALID_ARCHS = "arm64 armv7s";
			};
			name = Debug;
		};
		CC26A1B61DDA4F6D0050A9FB /* Release */ = {
			isa = XCBuildConfiguration;
			buildSettings = {
				ASSETCATALOG_COMPILER_APPICON_NAME = AppIcon;
				DEVELOPMENT_TEAM = FK6P3M845J;
				FRAMEWORK_SEARCH_PATHS = (
					"$(inherited)",
					"$(PROJECT_DIR)/external/iOS",
					"$(PROJECT_DIR)/external/macOS",
				);
				GCC_PREPROCESSOR_DEFINITIONS = "VK_USE_PLATFORM_IOS_MVK=1";
				HEADER_SEARCH_PATHS = "$(PROJECT_DIR)/external/include";
				INFOPLIST_FILE = vkSandbox/Info.plist;
				IPHONEOS_DEPLOYMENT_TARGET = 9.0;
				LD_RUNPATH_SEARCH_PATHS = "$(inherited) @executable_path/Frameworks";
				PRODUCT_BUNDLE_IDENTIFIER = com.dreamdev.vkSandbox;
				PRODUCT_NAME = "$(TARGET_NAME)";
				VALID_ARCHS = "arm64 armv7s";
			};
			name = Release;
		};
/* End XCBuildConfiguration section */

/* Begin XCConfigurationList section */
		CC26A1781DDA4F6D0050A9FB /* Build configuration list for PBXProject "vkSandbox" */ = {
			isa = XCConfigurationList;
			buildConfigurations = (
				CC26A1B21DDA4F6D0050A9FB /* Debug */,
				CC26A1B31DDA4F6D0050A9FB /* Release */,
			);
			defaultConfigurationIsVisible = 0;
			defaultConfigurationName = Release;
		};
		CC26A1B41DDA4F6D0050A9FB /* Build configuration list for PBXNativeTarget "vkSandbox" */ = {
			isa = XCConfigurationList;
			buildConfigurations = (
				CC26A1B51DDA4F6D0050A9FB /* Debug */,
				CC26A1B61DDA4F6D0050A9FB /* Release */,
			);
			defaultConfigurationIsVisible = 0;
			defaultConfigurationName = Release;
		};
/* End XCConfigurationList section */
	};
	rootObject = CC26A1751DDA4F6D0050A9FB /* Project object */;
}
